hash: c84ca2d80261af9885a47a954150da3154205535f7edd965cc8611ed7a4a209f
updated: 2016-08-11T16:40:36.184740278+10:00
imports:
- name: github.com/prismatik/jabba
  version: 95ed1a63d1e557a48b7a23108705c2fc35aa516c
- name: github.com/prismatik/secrets
  version: 39da2d29ff4e22dd7c15ce5cf0b9a921499055d9
testImports: []
